
Microsoft Visual Studio Solution File, Format Version 12.00
# Visual Studio Version 17
VisualStudioVersion = 17.3.32825.248
MinimumVisualStudioVersion = 10.0.40219.1
Project("{9A19103F-16F7-4668-BE54-9A1E7A4F7556}") = "webapp", "src\webapp\webapp.csproj", "{B24EB064-F7D8-4322-9AFA-55D6EC3D7870}"
EndProject
Project("{9A19103F-16F7-4668-BE54-9A1E7A4F7556}") = "api", "src\api\api.csproj", "{86626F45-73AB-4DAD-8D0D-F2B25C7ECC21}"
EndProject
Project("{9A19103F-16F7-4668-BE54-9A1E7A4F7556}") = "api.tests", "src\api.tests\api.tests.csproj", "{FB5112DE-145F-49E1-B5A7-F24C0F179DE7}"
EndProject
Project("{9A19103F-16F7-4668-BE54-9A1E7A4F7556}") = "Shared", "src\Shared\Shared.csproj", "{77EF55AB-042F-4939-B2F2-35142E5D4D3C}"
EndProject
Project("{9A19103F-16F7-4668-BE54-9A1E7A4F7556}") = "webapp.tests", "src\webapp.tests\webapp.tests.csproj", "{3E483AC7-2333-4105-9B91-102A39D3D2B0}"
EndProject
Project("{9A19103F-16F7-4668-BE54-9A1E7A4F7556}") = "SimulatedDevice", "src\SimulatedDevice\SimulatedDevice.csproj", "{A2E0F778-0F74-4E3C-85B2-F75E8F2F7F30}"
EndProject
Project("{11A8DD76-328B-46DF-9F39-F559912D0360}") = "Device.Climate", "src\iot\NanoFramework\Device.Climate\Device.Climate.nfproj", "{49F5DA1A-4DB9-484F-8596-E9B91D55A8E7}"
EndProject
Project("{11A8DD76-328B-46DF-9F39-F559912D0360}") = "Devices.Shared", "src\iot\NanoFramework\Devices.Shared\Devices.Shared.nfproj", "{B27525D5-21E8-497D-84D7-FF7F007EFA52}"
EndProject
Global
	GlobalSection(SolutionConfigurationPlatforms) = preSolution
		Debug|Any CPU = Debug|Any CPU
		Release|Any CPU = Release|Any CPU
	EndGlobalSection
	GlobalSection(ProjectConfigurationPlatforms) = postSolution
		{B24EB064-F7D8-4322-9AFA-55D6EC3D7870}.Debug|Any CPU.ActiveCfg = Debug|Any CPU
		{B24EB064-F7D8-4322-9AFA-55D6EC3D7870}.Debug|Any CPU.Build.0 = Debug|Any CPU
		{B24EB064-F7D8-4322-9AFA-55D6EC3D7870}.Release|Any CPU.ActiveCfg = Release|Any CPU
		{B24EB064-F7D8-4322-9AFA-55D6EC3D7870}.Release|Any CPU.Build.0 = Release|Any CPU
		{86626F45-73AB-4DAD-8D0D-F2B25C7ECC21}.Debug|Any CPU.ActiveCfg = Debug|Any CPU
		{86626F45-73AB-4DAD-8D0D-F2B25C7ECC21}.Debug|Any CPU.Build.0 = Debug|Any CPU
		{86626F45-73AB-4DAD-8D0D-F2B25C7ECC21}.Release|Any CPU.ActiveCfg = Release|Any CPU
		{86626F45-73AB-4DAD-8D0D-F2B25C7ECC21}.Release|Any CPU.Build.0 = Release|Any CPU
		{FB5112DE-145F-49E1-B5A7-F24C0F179DE7}.Debug|Any CPU.ActiveCfg = Debug|Any CPU
		{FB5112DE-145F-49E1-B5A7-F24C0F179DE7}.Debug|Any CPU.Build.0 = Debug|Any CPU
		{FB5112DE-145F-49E1-B5A7-F24C0F179DE7}.Release|Any CPU.ActiveCfg = Release|Any CPU
		{FB5112DE-145F-49E1-B5A7-F24C0F179DE7}.Release|Any CPU.Build.0 = Release|Any CPU
		{77EF55AB-042F-4939-B2F2-35142E5D4D3C}.Debug|Any CPU.ActiveCfg = Debug|Any CPU
		{77EF55AB-042F-4939-B2F2-35142E5D4D3C}.Debug|Any CPU.Build.0 = Debug|Any CPU
		{77EF55AB-042F-4939-B2F2-35142E5D4D3C}.Release|Any CPU.ActiveCfg = Release|Any CPU
		{77EF55AB-042F-4939-B2F2-35142E5D4D3C}.Release|Any CPU.Build.0 = Release|Any CPU
		{3E483AC7-2333-4105-9B91-102A39D3D2B0}.Debug|Any CPU.ActiveCfg = Debug|Any CPU
		{3E483AC7-2333-4105-9B91-102A39D3D2B0}.Debug|Any CPU.Build.0 = Debug|Any CPU
		{3E483AC7-2333-4105-9B91-102A39D3D2B0}.Release|Any CPU.ActiveCfg = Release|Any CPU
		{3E483AC7-2333-4105-9B91-102A39D3D2B0}.Release|Any CPU.Build.0 = Release|Any CPU
		{A2E0F778-0F74-4E3C-85B2-F75E8F2F7F30}.Debug|Any CPU.ActiveCfg = Debug|Any CPU
		{A2E0F778-0F74-4E3C-85B2-F75E8F2F7F30}.Debug|Any CPU.Build.0 = Debug|Any CPU
		{A2E0F778-0F74-4E3C-85B2-F75E8F2F7F30}.Release|Any CPU.ActiveCfg = Release|Any CPU
		{A2E0F778-0F74-4E3C-85B2-F75E8F2F7F30}.Release|Any CPU.Build.0 = Release|Any CPU
		{49F5DA1A-4DB9-484F-8596-E9B91D55A8E7}.Debug|Any CPU.ActiveCfg = Debug|Any CPU
		{49F5DA1A-4DB9-484F-8596-E9B91D55A8E7}.Debug|Any CPU.Build.0 = Debug|Any CPU
		{49F5DA1A-4DB9-484F-8596-E9B91D55A8E7}.Debug|Any CPU.Deploy.0 = Debug|Any CPU
		{49F5DA1A-4DB9-484F-8596-E9B91D55A8E7}.Release|Any CPU.ActiveCfg = Release|Any CPU
		{49F5DA1A-4DB9-484F-8596-E9B91D55A8E7}.Release|Any CPU.Build.0 = Release|Any CPU
		{49F5DA1A-4DB9-484F-8596-E9B91D55A8E7}.Release|Any CPU.Deploy.0 = Release|Any CPU
		{B27525D5-21E8-497D-84D7-FF7F007EFA52}.Debug|Any CPU.ActiveCfg = Debug|Any CPU
		{B27525D5-21E8-497D-84D7-FF7F007EFA52}.Debug|Any CPU.Build.0 = Debug|Any CPU
		{B27525D5-21E8-497D-84D7-FF7F007EFA52}.Debug|Any CPU.Deploy.0 = Debug|Any CPU
		{B27525D5-21E8-497D-84D7-FF7F007EFA52}.Release|Any CPU.ActiveCfg = Release|Any CPU
		{B27525D5-21E8-497D-84D7-FF7F007EFA52}.Release|Any CPU.Build.0 = Release|Any CPU
		{B27525D5-21E8-497D-84D7-FF7F007EFA52}.Release|Any CPU.Deploy.0 = Release|Any CPU
	EndGlobalSection
	GlobalSection(SolutionProperties) = preSolution
		HideSolutionNode = FALSE
	EndGlobalSection
	GlobalSection(ExtensibilityGlobals) = postSolution
		SolutionGuid = {A073ABE8-E7D1-46EE-903D-F4B90A0C9B99}
	EndGlobalSection
EndGlobal
