
Microsoft Visual Studio Solution File, Format Version 12.00
# Visual Studio Version 17
VisualStudioVersion = 17.3.32825.248
MinimumVisualStudioVersion = 10.0.40219.1
Project("{9A19103F-16F7-4668-BE54-9A1E7A4F7556}") = "webapp", "src\webapp\webapp.csproj", "{B24EB064-F7D8-4322-9AFA-55D6EC3D7870}"
EndProject
Project("{9A19103F-16F7-4668-BE54-9A1E7A4F7556}") = "webappApi", "src\webappApi\webappApi.csproj", "{AE25E4F4-1D07-475F-B27E-DE2D2BAF3F29}"
EndProject
Project("{9A19103F-16F7-4668-BE54-9A1E7A4F7556}") = "Common", "src\Common\Common.csproj", "{BC5A05B9-7587-4100-8B93-8F48457C7C84}"
EndProject
Global
	GlobalSection(SolutionConfigurationPlatforms) = preSolution
		Debug|Any CPU = Debug|Any CPU
		Release|Any CPU = Release|Any CPU
	EndGlobalSection
	GlobalSection(ProjectConfigurationPlatforms) = postSolution
		{B24EB064-F7D8-4322-9AFA-55D6EC3D7870}.Debug|Any CPU.ActiveCfg = Debug|Any CPU
		{B24EB064-F7D8-4322-9AFA-55D6EC3D7870}.Debug|Any CPU.Build.0 = Debug|Any CPU
		{B24EB064-F7D8-4322-9AFA-55D6EC3D7870}.Release|Any CPU.ActiveCfg = Release|Any CPU
		{B24EB064-F7D8-4322-9AFA-55D6EC3D7870}.Release|Any CPU.Build.0 = Release|Any CPU
		{AE25E4F4-1D07-475F-B27E-DE2D2BAF3F29}.Debug|Any CPU.ActiveCfg = Debug|Any CPU
		{AE25E4F4-1D07-475F-B27E-DE2D2BAF3F29}.Debug|Any CPU.Build.0 = Debug|Any CPU
		{AE25E4F4-1D07-475F-B27E-DE2D2BAF3F29}.Release|Any CPU.ActiveCfg = Release|Any CPU
		{AE25E4F4-1D07-475F-B27E-DE2D2BAF3F29}.Release|Any CPU.Build.0 = Release|Any CPU
		{BC5A05B9-7587-4100-8B93-8F48457C7C84}.Debug|Any CPU.ActiveCfg = Debug|Any CPU
		{BC5A05B9-7587-4100-8B93-8F48457C7C84}.Debug|Any CPU.Build.0 = Debug|Any CPU
		{BC5A05B9-7587-4100-8B93-8F48457C7C84}.Release|Any CPU.ActiveCfg = Release|Any CPU
		{BC5A05B9-7587-4100-8B93-8F48457C7C84}.Release|Any CPU.Build.0 = Release|Any CPU
	EndGlobalSection
	GlobalSection(SolutionProperties) = preSolution
		HideSolutionNode = FALSE
	EndGlobalSection
	GlobalSection(ExtensibilityGlobals) = postSolution
		SolutionGuid = {A073ABE8-E7D1-46EE-903D-F4B90A0C9B99}
	EndGlobalSection
EndGlobal
