
Microsoft Visual Studio Solution File, Format Version 12.00
# Visual Studio Version 17
VisualStudioVersion = 17.3.32825.248
MinimumVisualStudioVersion = 10.0.40219.1
Project("{9A19103F-16F7-4668-BE54-9A1E7A4F7556}") = "webapp", "src\webapp\webapp.csproj", "{B24EB064-F7D8-4322-9AFA-55D6EC3D7870}"
EndProject
Project("{9A19103F-16F7-4668-BE54-9A1E7A4F7556}") = "api", "src\api\api.csproj", "{86626F45-73AB-4DAD-8D0D-F2B25C7ECC21}"
EndProject
Project("{9A19103F-16F7-4668-BE54-9A1E7A4F7556}") = "api.tests", "src\api.tests\api.tests.csproj", "{FB5112DE-145F-49E1-B5A7-F24C0F179DE7}"
EndProject
Project("{FAE04EC0-301F-11D3-BF4B-00C04F79EFBC}") = "Shared", "src\Shared\Shared.csproj", "{77EF55AB-042F-4939-B2F2-35142E5D4D3C}"
EndProject
Project("{FAE04EC0-301F-11D3-BF4B-00C04F79EFBC}") = "webapp.tests", "src\webapp.tests\webapp.tests.csproj", "{3E483AC7-2333-4105-9B91-102A39D3D2B0}"
EndProject
Global
	GlobalSection(SolutionConfigurationPlatforms) = preSolution
		Debug|Any CPU = Debug|Any CPU
		Release|Any CPU = Release|Any CPU
	EndGlobalSection
	GlobalSection(ProjectConfigurationPlatforms) = postSolution
		{B24EB064-F7D8-4322-9AFA-55D6EC3D7870}.Debug|Any CPU.ActiveCfg = Debug|Any CPU
		{B24EB064-F7D8-4322-9AFA-55D6EC3D7870}.Debug|Any CPU.Build.0 = Debug|Any CPU
		{B24EB064-F7D8-4322-9AFA-55D6EC3D7870}.Release|Any CPU.ActiveCfg = Release|Any CPU
		{B24EB064-F7D8-4322-9AFA-55D6EC3D7870}.Release|Any CPU.Build.0 = Release|Any CPU
		{86626F45-73AB-4DAD-8D0D-F2B25C7ECC21}.Debug|Any CPU.ActiveCfg = Debug|Any CPU
		{86626F45-73AB-4DAD-8D0D-F2B25C7ECC21}.Debug|Any CPU.Build.0 = Debug|Any CPU
		{86626F45-73AB-4DAD-8D0D-F2B25C7ECC21}.Release|Any CPU.ActiveCfg = Release|Any CPU
		{86626F45-73AB-4DAD-8D0D-F2B25C7ECC21}.Release|Any CPU.Build.0 = Release|Any CPU
		{FB5112DE-145F-49E1-B5A7-F24C0F179DE7}.Debug|Any CPU.ActiveCfg = Debug|Any CPU
		{FB5112DE-145F-49E1-B5A7-F24C0F179DE7}.Debug|Any CPU.Build.0 = Debug|Any CPU
		{FB5112DE-145F-49E1-B5A7-F24C0F179DE7}.Release|Any CPU.ActiveCfg = Release|Any CPU
		{FB5112DE-145F-49E1-B5A7-F24C0F179DE7}.Release|Any CPU.Build.0 = Release|Any CPU
		{77EF55AB-042F-4939-B2F2-35142E5D4D3C}.Debug|Any CPU.ActiveCfg = Debug|Any CPU
		{77EF55AB-042F-4939-B2F2-35142E5D4D3C}.Debug|Any CPU.Build.0 = Debug|Any CPU
		{77EF55AB-042F-4939-B2F2-35142E5D4D3C}.Release|Any CPU.ActiveCfg = Release|Any CPU
		{77EF55AB-042F-4939-B2F2-35142E5D4D3C}.Release|Any CPU.Build.0 = Release|Any CPU
		{3E483AC7-2333-4105-9B91-102A39D3D2B0}.Debug|Any CPU.ActiveCfg = Debug|Any CPU
		{3E483AC7-2333-4105-9B91-102A39D3D2B0}.Debug|Any CPU.Build.0 = Debug|Any CPU
		{3E483AC7-2333-4105-9B91-102A39D3D2B0}.Release|Any CPU.ActiveCfg = Release|Any CPU
		{3E483AC7-2333-4105-9B91-102A39D3D2B0}.Release|Any CPU.Build.0 = Release|Any CPU
	EndGlobalSection
	GlobalSection(SolutionProperties) = preSolution
		HideSolutionNode = FALSE
	EndGlobalSection
	GlobalSection(ExtensibilityGlobals) = postSolution
		SolutionGuid = {A073ABE8-E7D1-46EE-903D-F4B90A0C9B99}
	EndGlobalSection
EndGlobal
